
Microsoft Visual Studio Solution File, Format Version 12.00
# Visual Studio Version 17
VisualStudioVersion = 17.4.33122.133
MinimumVisualStudioVersion = 10.0.40219.1
Project("{FAE04EC0-301F-11D3-BF4B-00C04F79EFBC}") = "MartinDelivery.Core", "MartinDelivery.Core\MartinDelivery.Core.csproj", "{F30B9DE2-BE4C-4F55-82A9-76210A7E483B}"
EndProject
Global
	GlobalSection(SolutionConfigurationPlatforms) = preSolution
		Debug|Any CPU = Debug|Any CPU
		Release|Any CPU = Release|Any CPU
	EndGlobalSection
	GlobalSection(ProjectConfigurationPlatforms) = postSolution
		{F30B9DE2-BE4C-4F55-82A9-76210A7E483B}.Debug|Any CPU.ActiveCfg = Debug|Any CPU
		{F30B9DE2-BE4C-4F55-82A9-76210A7E483B}.Debug|Any CPU.Build.0 = Debug|Any CPU
		{F30B9DE2-BE4C-4F55-82A9-76210A7E483B}.Release|Any CPU.ActiveCfg = Release|Any CPU
		{F30B9DE2-BE4C-4F55-82A9-76210A7E483B}.Release|Any CPU.Build.0 = Release|Any CPU
	EndGlobalSection
	GlobalSection(SolutionProperties) = preSolution
		HideSolutionNode = FALSE
	EndGlobalSection
	GlobalSection(ExtensibilityGlobals) = postSolution
		SolutionGuid = {2AB4791C-275B-412D-9F44-19641D604FA8}
	EndGlobalSection
EndGlobal
