
Microsoft Visual Studio Solution File, Format Version 12.00
# Visual Studio Version 17
VisualStudioVersion = 17.4.33122.133
MinimumVisualStudioVersion = 10.0.40219.1
Project("{FAE04EC0-301F-11D3-BF4B-00C04F79EFBC}") = "MartinDelivery.Core", "MartinDelivery.Core\MartinDelivery.Core.csproj", "{F30B9DE2-BE4C-4F55-82A9-76210A7E483B}"
EndProject
Project("{FAE04EC0-301F-11D3-BF4B-00C04F79EFBC}") = "MartinDelivery.Infrastructure", "MartinDelivery.Infrastructure\MartinDelivery.Infrastructure.csproj", "{65B10B85-1B61-454E-8B81-AFB4AD77363D}"
EndProject
Project("{FAE04EC0-301F-11D3-BF4B-00C04F79EFBC}") = "MartinDelivery.Application", "MartinDelivery.Application\MartinDelivery.Application.csproj", "{0E31B2EB-A6DC-4DCB-A1EF-3D0AC2D8736B}"
EndProject
Global
	GlobalSection(SolutionConfigurationPlatforms) = preSolution
		Debug|Any CPU = Debug|Any CPU
		Release|Any CPU = Release|Any CPU
	EndGlobalSection
	GlobalSection(ProjectConfigurationPlatforms) = postSolution
		{F30B9DE2-BE4C-4F55-82A9-76210A7E483B}.Debug|Any CPU.ActiveCfg = Debug|Any CPU
		{F30B9DE2-BE4C-4F55-82A9-76210A7E483B}.Debug|Any CPU.Build.0 = Debug|Any CPU
		{F30B9DE2-BE4C-4F55-82A9-76210A7E483B}.Release|Any CPU.ActiveCfg = Release|Any CPU
		{F30B9DE2-BE4C-4F55-82A9-76210A7E483B}.Release|Any CPU.Build.0 = Release|Any CPU
		{65B10B85-1B61-454E-8B81-AFB4AD77363D}.Debug|Any CPU.ActiveCfg = Debug|Any CPU
		{65B10B85-1B61-454E-8B81-AFB4AD77363D}.Debug|Any CPU.Build.0 = Debug|Any CPU
		{65B10B85-1B61-454E-8B81-AFB4AD77363D}.Release|Any CPU.ActiveCfg = Release|Any CPU
		{65B10B85-1B61-454E-8B81-AFB4AD77363D}.Release|Any CPU.Build.0 = Release|Any CPU
		{0E31B2EB-A6DC-4DCB-A1EF-3D0AC2D8736B}.Debug|Any CPU.ActiveCfg = Debug|Any CPU
		{0E31B2EB-A6DC-4DCB-A1EF-3D0AC2D8736B}.Debug|Any CPU.Build.0 = Debug|Any CPU
		{0E31B2EB-A6DC-4DCB-A1EF-3D0AC2D8736B}.Release|Any CPU.ActiveCfg = Release|Any CPU
		{0E31B2EB-A6DC-4DCB-A1EF-3D0AC2D8736B}.Release|Any CPU.Build.0 = Release|Any CPU
	EndGlobalSection
	GlobalSection(SolutionProperties) = preSolution
		HideSolutionNode = FALSE
	EndGlobalSection
	GlobalSection(ExtensibilityGlobals) = postSolution
		SolutionGuid = {2AB4791C-275B-412D-9F44-19641D604FA8}
	EndGlobalSection
EndGlobal
